
Microsoft Visual Studio Solution File, Format Version 12.00
# Visual Studio 2012
Project("{888888A0-9F3D-457C-B088-3A5042F75D52}") = "oqwrc", "oqwrc.pyproj", "{F3ABDF91-62D7-4756-8AFA-4D656A0AE804}"
EndProject
Global
	GlobalSection(SolutionConfigurationPlatforms) = preSolution
		Debug|Any CPU = Debug|Any CPU
		Release|Any CPU = Release|Any CPU
	EndGlobalSection
	GlobalSection(ProjectConfigurationPlatforms) = postSolution
		{F3ABDF91-62D7-4756-8AFA-4D656A0AE804}.Debug|Any CPU.ActiveCfg = Debug|Any CPU
		{F3ABDF91-62D7-4756-8AFA-4D656A0AE804}.Debug|Any CPU.Build.0 = Debug|Any CPU
		{F3ABDF91-62D7-4756-8AFA-4D656A0AE804}.Release|Any CPU.ActiveCfg = Release|Any CPU
		{F3ABDF91-62D7-4756-8AFA-4D656A0AE804}.Release|Any CPU.Build.0 = Release|Any CPU
	EndGlobalSection
	GlobalSection(SolutionProperties) = preSolution
		HideSolutionNode = FALSE
	EndGlobalSection
EndGlobal
